
Microsoft Visual Studio Solution File, Format Version 12.00
# Visual Studio 2012
Project("{FAE04EC0-301F-11D3-BF4B-00C04F79EFBC}") = "Organizer.Interfaces", "Organizer.Interfaces\Organizer.Interfaces.csproj", "{801BB490-3475-4ED5-8EEA-C66557C08544}"
EndProject
Project("{FAE04EC0-301F-11D3-BF4B-00C04F79EFBC}") = "Organizer", "Organizer.Calendar\Organizer.csproj", "{6CB4A714-4752-4244-814D-9D943952556F}"
EndProject
Project("{FAE04EC0-301F-11D3-BF4B-00C04F79EFBC}") = "Organizer.WebService", "Organizer.WebService\Organizer.WebService.csproj", "{E3E520FF-765A-44E4-9C0B-7C9925C65CCE}"
EndProject
Project("{FAE04EC0-301F-11D3-BF4B-00C04F79EFBC}") = "Organizer.Client.ConsoleApplication", "Organizer.Client.ConsoleApplication\Organizer.Client.ConsoleApplication.csproj", "{C1658BD7-4CF6-46DF-8B74-8CB536B64D86}"
EndProject
Project("{F088123C-0E9E-452A-89E6-6BA2F21D5CAC}") = "Organizer.Modeling", "Organizer.Modeling\Organizer.Modeling.modelproj", "{B12B5E08-46EF-4FCE-9DEA-F658FF72485E}"
EndProject
Global
	GlobalSection(SubversionScc) = preSolution
		Svn-Managed = True
		Manager = AnkhSVN - Subversion Support for Visual Studio
	EndGlobalSection
	GlobalSection(SolutionConfigurationPlatforms) = preSolution
		Debug|Any CPU = Debug|Any CPU
		Debug|Mixed Platforms = Debug|Mixed Platforms
		Debug|x86 = Debug|x86
		Release|Any CPU = Release|Any CPU
		Release|Mixed Platforms = Release|Mixed Platforms
		Release|x86 = Release|x86
	EndGlobalSection
	GlobalSection(ProjectConfigurationPlatforms) = postSolution
		{801BB490-3475-4ED5-8EEA-C66557C08544}.Debug|Any CPU.ActiveCfg = Debug|Any CPU
		{801BB490-3475-4ED5-8EEA-C66557C08544}.Debug|Any CPU.Build.0 = Debug|Any CPU
		{801BB490-3475-4ED5-8EEA-C66557C08544}.Debug|Mixed Platforms.ActiveCfg = Debug|Any CPU
		{801BB490-3475-4ED5-8EEA-C66557C08544}.Debug|Mixed Platforms.Build.0 = Debug|Any CPU
		{801BB490-3475-4ED5-8EEA-C66557C08544}.Debug|x86.ActiveCfg = Debug|Any CPU
		{801BB490-3475-4ED5-8EEA-C66557C08544}.Release|Any CPU.ActiveCfg = Release|Any CPU
		{801BB490-3475-4ED5-8EEA-C66557C08544}.Release|Any CPU.Build.0 = Release|Any CPU
		{801BB490-3475-4ED5-8EEA-C66557C08544}.Release|Mixed Platforms.ActiveCfg = Release|Any CPU
		{801BB490-3475-4ED5-8EEA-C66557C08544}.Release|Mixed Platforms.Build.0 = Release|Any CPU
		{801BB490-3475-4ED5-8EEA-C66557C08544}.Release|x86.ActiveCfg = Release|Any CPU
		{6CB4A714-4752-4244-814D-9D943952556F}.Debug|Any CPU.ActiveCfg = Debug|Any CPU
		{6CB4A714-4752-4244-814D-9D943952556F}.Debug|Any CPU.Build.0 = Debug|Any CPU
		{6CB4A714-4752-4244-814D-9D943952556F}.Debug|Mixed Platforms.ActiveCfg = Debug|Any CPU
		{6CB4A714-4752-4244-814D-9D943952556F}.Debug|Mixed Platforms.Build.0 = Debug|Any CPU
		{6CB4A714-4752-4244-814D-9D943952556F}.Debug|x86.ActiveCfg = Debug|Any CPU
		{6CB4A714-4752-4244-814D-9D943952556F}.Release|Any CPU.ActiveCfg = Release|Any CPU
		{6CB4A714-4752-4244-814D-9D943952556F}.Release|Any CPU.Build.0 = Release|Any CPU
		{6CB4A714-4752-4244-814D-9D943952556F}.Release|Mixed Platforms.ActiveCfg = Release|Any CPU
		{6CB4A714-4752-4244-814D-9D943952556F}.Release|Mixed Platforms.Build.0 = Release|Any CPU
		{6CB4A714-4752-4244-814D-9D943952556F}.Release|x86.ActiveCfg = Release|Any CPU
		{E3E520FF-765A-44E4-9C0B-7C9925C65CCE}.Debug|Any CPU.ActiveCfg = Debug|Any CPU
		{E3E520FF-765A-44E4-9C0B-7C9925C65CCE}.Debug|Any CPU.Build.0 = Debug|Any CPU
		{E3E520FF-765A-44E4-9C0B-7C9925C65CCE}.Debug|Mixed Platforms.ActiveCfg = Debug|Any CPU
		{E3E520FF-765A-44E4-9C0B-7C9925C65CCE}.Debug|Mixed Platforms.Build.0 = Debug|Any CPU
		{E3E520FF-765A-44E4-9C0B-7C9925C65CCE}.Debug|x86.ActiveCfg = Debug|Any CPU
		{E3E520FF-765A-44E4-9C0B-7C9925C65CCE}.Release|Any CPU.ActiveCfg = Release|Any CPU
		{E3E520FF-765A-44E4-9C0B-7C9925C65CCE}.Release|Any CPU.Build.0 = Release|Any CPU
		{E3E520FF-765A-44E4-9C0B-7C9925C65CCE}.Release|Mixed Platforms.ActiveCfg = Release|Any CPU
		{E3E520FF-765A-44E4-9C0B-7C9925C65CCE}.Release|Mixed Platforms.Build.0 = Release|Any CPU
		{E3E520FF-765A-44E4-9C0B-7C9925C65CCE}.Release|x86.ActiveCfg = Release|Any CPU
		{C1658BD7-4CF6-46DF-8B74-8CB536B64D86}.Debug|Any CPU.ActiveCfg = Debug|Any CPU
		{C1658BD7-4CF6-46DF-8B74-8CB536B64D86}.Debug|Any CPU.Build.0 = Debug|Any CPU
		{C1658BD7-4CF6-46DF-8B74-8CB536B64D86}.Debug|Mixed Platforms.ActiveCfg = Debug|Any CPU
		{C1658BD7-4CF6-46DF-8B74-8CB536B64D86}.Debug|Mixed Platforms.Build.0 = Debug|Any CPU
		{C1658BD7-4CF6-46DF-8B74-8CB536B64D86}.Debug|x86.ActiveCfg = Debug|Any CPU
		{C1658BD7-4CF6-46DF-8B74-8CB536B64D86}.Release|Any CPU.ActiveCfg = Release|Any CPU
		{C1658BD7-4CF6-46DF-8B74-8CB536B64D86}.Release|Any CPU.Build.0 = Release|Any CPU
		{C1658BD7-4CF6-46DF-8B74-8CB536B64D86}.Release|Mixed Platforms.ActiveCfg = Release|Any CPU
		{C1658BD7-4CF6-46DF-8B74-8CB536B64D86}.Release|Mixed Platforms.Build.0 = Release|Any CPU
		{C1658BD7-4CF6-46DF-8B74-8CB536B64D86}.Release|x86.ActiveCfg = Release|Any CPU
		{B12B5E08-46EF-4FCE-9DEA-F658FF72485E}.Debug|Any CPU.ActiveCfg = Debug|Any CPU
		{B12B5E08-46EF-4FCE-9DEA-F658FF72485E}.Debug|Any CPU.Build.0 = Debug|Any CPU
		{B12B5E08-46EF-4FCE-9DEA-F658FF72485E}.Debug|Mixed Platforms.ActiveCfg = Debug|Any CPU
		{B12B5E08-46EF-4FCE-9DEA-F658FF72485E}.Debug|Mixed Platforms.Build.0 = Debug|Any CPU
		{B12B5E08-46EF-4FCE-9DEA-F658FF72485E}.Debug|x86.ActiveCfg = Debug|Any CPU
		{B12B5E08-46EF-4FCE-9DEA-F658FF72485E}.Release|Any CPU.ActiveCfg = Release|Any CPU
		{B12B5E08-46EF-4FCE-9DEA-F658FF72485E}.Release|Any CPU.Build.0 = Release|Any CPU
		{B12B5E08-46EF-4FCE-9DEA-F658FF72485E}.Release|Mixed Platforms.ActiveCfg = Release|Any CPU
		{B12B5E08-46EF-4FCE-9DEA-F658FF72485E}.Release|Mixed Platforms.Build.0 = Release|Any CPU
		{B12B5E08-46EF-4FCE-9DEA-F658FF72485E}.Release|x86.ActiveCfg = Release|Any CPU
	EndGlobalSection
	GlobalSection(SolutionProperties) = preSolution
		HideSolutionNode = FALSE
	EndGlobalSection
EndGlobal
